
Microsoft Visual Studio Solution File, Format Version 12.00
# Visual Studio Version 17
VisualStudioVersion = 17.0.31903.59
MinimumVisualStudioVersion = 10.0.40219.1
Project("{FAE04EC0-301F-11D3-BF4B-00C04F79EFBC}") = "MewingPad", "MewingPad\MewingPad.csproj", "{E87A01FD-E158-41B5-A12A-2C45C15298E2}"
EndProject
Project("{2150E333-8FDC-42A3-9474-1A3956D46DE8}") = "Services", "Services", "{11E44C11-0317-4D94-BFE6-327A4B153281}"
EndProject
Project("{FAE04EC0-301F-11D3-BF4B-00C04F79EFBC}") = "MewingPad.Services.UserService", "Services\MewingPad.Services.UserService\MewingPad.Services.UserService.csproj", "{C9B0FE92-6873-4E5F-AF70-61A0FA0C4C4D}"
EndProject
Project("{2150E333-8FDC-42A3-9474-1A3956D46DE8}") = "Common", "Common", "{BB910384-F038-4C5D-B351-2CD75F17E821}"
EndProject
Project("{FAE04EC0-301F-11D3-BF4B-00C04F79EFBC}") = "MewingPad.Common.Entities", "Common\MewingPad.Common.Entities\MewingPad.Common.Entities.csproj", "{EA2BA569-2A81-4F95-BCB0-8670F97BD800}"
EndProject
Project("{FAE04EC0-301F-11D3-BF4B-00C04F79EFBC}") = "MewingPad.Common.Enums", "Common\MewingPad.Common.Enums\MewingPad.Common.Enums.csproj", "{7DC0EB08-3F27-4F9C-B40D-6973976FB739}"
EndProject
Project("{FAE04EC0-301F-11D3-BF4B-00C04F79EFBC}") = "MewingPad.Services.OAuthService", "Services\MewingPad.Services.OAuthService\MewingPad.Services.OAuthService.csproj", "{AEF44CAE-F06A-401E-99D1-1DC36CCBC2C6}"
EndProject
Project("{2150E333-8FDC-42A3-9474-1A3956D46DE8}") = "Database", "Database", "{3463C8F6-D2A6-47CF-8C7B-390BA3C19ACA}"
EndProject
Project("{FAE04EC0-301F-11D3-BF4B-00C04F79EFBC}") = "MewingPad.Services.PlaylistService", "Services\MewingPad.Services.PlaylistService\MewingPad.Services.PlaylistService.csproj", "{F96C223F-4160-4249-ACEA-5F520154879B}"
EndProject
Project("{FAE04EC0-301F-11D3-BF4B-00C04F79EFBC}") = "MewingPad.Services.CommentaryService", "Services\MewingPad.Services.CommentaryService\MewingPad.Services.CommentaryService.csproj", "{5DA15A2A-0738-4717-AFD1-B0545E2C3B06}"
EndProject
Project("{FAE04EC0-301F-11D3-BF4B-00C04F79EFBC}") = "MewingPad.Services.ScoreService", "Services\MewingPad.Services.ScoreService\MewingPad.Services.ScoreService.csproj", "{354A7751-48BD-43CD-BC9B-606D3A133A0F}"
EndProject
Project("{FAE04EC0-301F-11D3-BF4B-00C04F79EFBC}") = "MewingPad.Services.TagService", "Services\MewingPad.Services.TagService\MewingPad.Services.TagService.csproj", "{EF520D66-52ED-4C08-9999-A2EB9B731256}"
EndProject
Project("{FAE04EC0-301F-11D3-BF4B-00C04F79EFBC}") = "MewingPad.Common.Exceptions", "Common\MewingPad.Common.Exceptions\MewingPad.Common.Exceptions.csproj", "{E9A71565-9857-43CB-AD68-6BCFD6487730}"
EndProject
Project("{2150E333-8FDC-42A3-9474-1A3956D46DE8}") = "Tests", "Tests", "{F40573BE-2D3C-4ED4-BADD-791C23B1B9A5}"
EndProject
Project("{2150E333-8FDC-42A3-9474-1A3956D46DE8}") = "UnitTests", "UnitTests", "{B434BF4C-20FE-49B6-AA78-7A4259A25ECA}"
EndProject
Project("{FAE04EC0-301F-11D3-BF4B-00C04F79EFBC}") = "UnitTests.Services", "Tests\UnitTests\UnitTests.Services\UnitTests.Services.csproj", "{574F7518-5E36-4431-BE8D-B1FDC7C372CE}"
EndProject
Project("{FAE04EC0-301F-11D3-BF4B-00C04F79EFBC}") = "MewingPad.Services.ReportService", "Services\MewingPad.Services.ReportService\MewingPad.Services.ReportService.csproj", "{394FE0BC-1D87-4829-8129-17FBF51B4797}"
EndProject
Project("{FAE04EC0-301F-11D3-BF4B-00C04F79EFBC}") = "MewingPad.Common.IRepositories", "Common\MewingPad.Common.IRepositories\MewingPad.Common.IRepositories.csproj", "{C5099474-698A-4C34-B044-29EA41DCDD6D}"
EndProject
Project("{FAE04EC0-301F-11D3-BF4B-00C04F79EFBC}") = "MewingPad.Common.IServices", "Common\MewingPad.Common.IServices\MewingPad.Common.IServices.csproj", "{3F10366B-E181-4B5C-A00D-76242D2723CF}"
EndProject
Project("{2150E333-8FDC-42A3-9474-1A3956D46DE8}") = "Utils", "Utils", "{C9170F0F-B6AB-4CDE-8BB1-78CB87172292}"
EndProject
Project("{FAE04EC0-301F-11D3-BF4B-00C04F79EFBC}") = "MewingPad.Utils.PasswordHasher", "Utils\MewingPad.Utils.PasswordHasher\MewingPad.Utils.PasswordHasher.csproj", "{F7C0F09D-2AF7-4198-9FF4-D728CCAC8F5D}"
EndProject
Project("{2150E333-8FDC-42A3-9474-1A3956D46DE8}") = "IntegrationTests", "IntegrationTests", "{29544071-4384-41B4-8410-824A31B7FFF6}"
EndProject
Project("{FAE04EC0-301F-11D3-BF4B-00C04F79EFBC}") = "IntegrationTests.Repositories", "Tests\IntegrationTests\IntegrationTests.Repositories\IntegrationTests.Repositories.csproj", "{11F53BE6-A844-444A-BE54-E1005041B590}"
EndProject
Project("{FAE04EC0-301F-11D3-BF4B-00C04F79EFBC}") = "MewingPad.TechnicalUI", "MewingPad.TechnicalUI\MewingPad.TechnicalUI.csproj", "{1C9A6AF8-ABFD-4D30-9D10-8768A4854C89}"
EndProject
Project("{FAE04EC0-301F-11D3-BF4B-00C04F79EFBC}") = "MewingPad.Services.AudiotrackService", "Services\MewingPad.Services.AudiotrackService\MewingPad.Services.AudiotrackService.csproj", "{76094256-510D-459F-A313-6BFE7F53F337}"
EndProject
Project("{FAE04EC0-301F-11D3-BF4B-00C04F79EFBC}") = "MewingPad.Utils.AudioManager", "Utils\MewingPad.Utils.AudioManager\MewingPad.Utils.AudioManager.csproj", "{E0EB0C56-3017-4CE3-8147-625EC5FA0603}"
EndProject
Project("{2150E333-8FDC-42A3-9474-1A3956D46DE8}") = "MewingPad", "MewingPad", "{D2A020C6-E914-4AB6-983E-3CE516F4527B}"
EndProject
Project("{FAE04EC0-301F-11D3-BF4B-00C04F79EFBC}") = "MewingPad.Utils.Token", "Utils\MewingPad.Utils.Token\MewingPad.Utils.Token.csproj", "{78C002F6-EE7E-49A7-9ED9-F6EF0936F5C8}"
EndProject
Project("{2150E333-8FDC-42A3-9474-1A3956D46DE8}") = "PostgreSQL", "PostgreSQL", "{AA39CA8C-466B-485C-9FB0-230D071F02A1}"
EndProject
Project("{FAE04EC0-301F-11D3-BF4B-00C04F79EFBC}") = "MewingPad.Database.Models", "Database\MewingPad.Database.Models\MewingPad.Database.Models.csproj", "{FD20ED5B-997E-4606-B082-F2EAD110C415}"
EndProject
Project("{FAE04EC0-301F-11D3-BF4B-00C04F79EFBC}") = "MewingPad.Database.Models.Converters", "Database\MewingPad.Database.Models.Converters\MewingPad.Database.Models.Converters.csproj", "{65709567-5F35-4598-922E-EFB46A2FA068}"
EndProject
Project("{FAE04EC0-301F-11D3-BF4B-00C04F79EFBC}") = "MewingPad.Database.PostgreSQL", "Database\PostgreSQL\MewingPad.Database.PostgreSQL.csproj", "{4775B5FE-F975-434A-AECE-9722FB9E091B}"
EndProject
Project("{FAE04EC0-301F-11D3-BF4B-00C04F79EFBC}") = "MewingPad.Database.MongoDB", "Database\MongoDB\MewingPad.Database.MongoDB.csproj", "{825BD91C-F1FF-4E6B-A7EA-DADCEE49A98D}"
EndProject
Global
	GlobalSection(SolutionConfigurationPlatforms) = preSolution
		Debug|Any CPU = Debug|Any CPU
		Release|Any CPU = Release|Any CPU
	EndGlobalSection
	GlobalSection(SolutionProperties) = preSolution
		HideSolutionNode = FALSE
	EndGlobalSection
	GlobalSection(ProjectConfigurationPlatforms) = postSolution
		{E87A01FD-E158-41B5-A12A-2C45C15298E2}.Debug|Any CPU.ActiveCfg = Debug|Any CPU
		{E87A01FD-E158-41B5-A12A-2C45C15298E2}.Debug|Any CPU.Build.0 = Debug|Any CPU
		{E87A01FD-E158-41B5-A12A-2C45C15298E2}.Release|Any CPU.ActiveCfg = Release|Any CPU
		{E87A01FD-E158-41B5-A12A-2C45C15298E2}.Release|Any CPU.Build.0 = Release|Any CPU
		{C9B0FE92-6873-4E5F-AF70-61A0FA0C4C4D}.Debug|Any CPU.ActiveCfg = Debug|Any CPU
		{C9B0FE92-6873-4E5F-AF70-61A0FA0C4C4D}.Debug|Any CPU.Build.0 = Debug|Any CPU
		{C9B0FE92-6873-4E5F-AF70-61A0FA0C4C4D}.Release|Any CPU.ActiveCfg = Release|Any CPU
		{C9B0FE92-6873-4E5F-AF70-61A0FA0C4C4D}.Release|Any CPU.Build.0 = Release|Any CPU
		{EA2BA569-2A81-4F95-BCB0-8670F97BD800}.Debug|Any CPU.ActiveCfg = Debug|Any CPU
		{EA2BA569-2A81-4F95-BCB0-8670F97BD800}.Debug|Any CPU.Build.0 = Debug|Any CPU
		{EA2BA569-2A81-4F95-BCB0-8670F97BD800}.Release|Any CPU.ActiveCfg = Release|Any CPU
		{EA2BA569-2A81-4F95-BCB0-8670F97BD800}.Release|Any CPU.Build.0 = Release|Any CPU
		{7DC0EB08-3F27-4F9C-B40D-6973976FB739}.Debug|Any CPU.ActiveCfg = Debug|Any CPU
		{7DC0EB08-3F27-4F9C-B40D-6973976FB739}.Debug|Any CPU.Build.0 = Debug|Any CPU
		{7DC0EB08-3F27-4F9C-B40D-6973976FB739}.Release|Any CPU.ActiveCfg = Release|Any CPU
		{7DC0EB08-3F27-4F9C-B40D-6973976FB739}.Release|Any CPU.Build.0 = Release|Any CPU
		{AEF44CAE-F06A-401E-99D1-1DC36CCBC2C6}.Debug|Any CPU.ActiveCfg = Debug|Any CPU
		{AEF44CAE-F06A-401E-99D1-1DC36CCBC2C6}.Debug|Any CPU.Build.0 = Debug|Any CPU
		{AEF44CAE-F06A-401E-99D1-1DC36CCBC2C6}.Release|Any CPU.ActiveCfg = Release|Any CPU
		{AEF44CAE-F06A-401E-99D1-1DC36CCBC2C6}.Release|Any CPU.Build.0 = Release|Any CPU
		{F96C223F-4160-4249-ACEA-5F520154879B}.Debug|Any CPU.ActiveCfg = Debug|Any CPU
		{F96C223F-4160-4249-ACEA-5F520154879B}.Debug|Any CPU.Build.0 = Debug|Any CPU
		{F96C223F-4160-4249-ACEA-5F520154879B}.Release|Any CPU.ActiveCfg = Release|Any CPU
		{F96C223F-4160-4249-ACEA-5F520154879B}.Release|Any CPU.Build.0 = Release|Any CPU
		{5DA15A2A-0738-4717-AFD1-B0545E2C3B06}.Debug|Any CPU.ActiveCfg = Debug|Any CPU
		{5DA15A2A-0738-4717-AFD1-B0545E2C3B06}.Debug|Any CPU.Build.0 = Debug|Any CPU
		{5DA15A2A-0738-4717-AFD1-B0545E2C3B06}.Release|Any CPU.ActiveCfg = Release|Any CPU
		{5DA15A2A-0738-4717-AFD1-B0545E2C3B06}.Release|Any CPU.Build.0 = Release|Any CPU
		{354A7751-48BD-43CD-BC9B-606D3A133A0F}.Debug|Any CPU.ActiveCfg = Debug|Any CPU
		{354A7751-48BD-43CD-BC9B-606D3A133A0F}.Debug|Any CPU.Build.0 = Debug|Any CPU
		{354A7751-48BD-43CD-BC9B-606D3A133A0F}.Release|Any CPU.ActiveCfg = Release|Any CPU
		{354A7751-48BD-43CD-BC9B-606D3A133A0F}.Release|Any CPU.Build.0 = Release|Any CPU
		{EF520D66-52ED-4C08-9999-A2EB9B731256}.Debug|Any CPU.ActiveCfg = Debug|Any CPU
		{EF520D66-52ED-4C08-9999-A2EB9B731256}.Debug|Any CPU.Build.0 = Debug|Any CPU
		{EF520D66-52ED-4C08-9999-A2EB9B731256}.Release|Any CPU.ActiveCfg = Release|Any CPU
		{EF520D66-52ED-4C08-9999-A2EB9B731256}.Release|Any CPU.Build.0 = Release|Any CPU
		{E9A71565-9857-43CB-AD68-6BCFD6487730}.Debug|Any CPU.ActiveCfg = Debug|Any CPU
		{E9A71565-9857-43CB-AD68-6BCFD6487730}.Debug|Any CPU.Build.0 = Debug|Any CPU
		{E9A71565-9857-43CB-AD68-6BCFD6487730}.Release|Any CPU.ActiveCfg = Release|Any CPU
		{E9A71565-9857-43CB-AD68-6BCFD6487730}.Release|Any CPU.Build.0 = Release|Any CPU
		{574F7518-5E36-4431-BE8D-B1FDC7C372CE}.Debug|Any CPU.ActiveCfg = Debug|Any CPU
		{574F7518-5E36-4431-BE8D-B1FDC7C372CE}.Debug|Any CPU.Build.0 = Debug|Any CPU
		{574F7518-5E36-4431-BE8D-B1FDC7C372CE}.Release|Any CPU.ActiveCfg = Release|Any CPU
		{574F7518-5E36-4431-BE8D-B1FDC7C372CE}.Release|Any CPU.Build.0 = Release|Any CPU
		{394FE0BC-1D87-4829-8129-17FBF51B4797}.Debug|Any CPU.ActiveCfg = Debug|Any CPU
		{394FE0BC-1D87-4829-8129-17FBF51B4797}.Debug|Any CPU.Build.0 = Debug|Any CPU
		{394FE0BC-1D87-4829-8129-17FBF51B4797}.Release|Any CPU.ActiveCfg = Release|Any CPU
		{394FE0BC-1D87-4829-8129-17FBF51B4797}.Release|Any CPU.Build.0 = Release|Any CPU
		{C5099474-698A-4C34-B044-29EA41DCDD6D}.Debug|Any CPU.ActiveCfg = Debug|Any CPU
		{C5099474-698A-4C34-B044-29EA41DCDD6D}.Debug|Any CPU.Build.0 = Debug|Any CPU
		{C5099474-698A-4C34-B044-29EA41DCDD6D}.Release|Any CPU.ActiveCfg = Release|Any CPU
		{C5099474-698A-4C34-B044-29EA41DCDD6D}.Release|Any CPU.Build.0 = Release|Any CPU
		{3F10366B-E181-4B5C-A00D-76242D2723CF}.Debug|Any CPU.ActiveCfg = Debug|Any CPU
		{3F10366B-E181-4B5C-A00D-76242D2723CF}.Debug|Any CPU.Build.0 = Debug|Any CPU
		{3F10366B-E181-4B5C-A00D-76242D2723CF}.Release|Any CPU.ActiveCfg = Release|Any CPU
		{3F10366B-E181-4B5C-A00D-76242D2723CF}.Release|Any CPU.Build.0 = Release|Any CPU
		{F7C0F09D-2AF7-4198-9FF4-D728CCAC8F5D}.Debug|Any CPU.ActiveCfg = Debug|Any CPU
		{F7C0F09D-2AF7-4198-9FF4-D728CCAC8F5D}.Debug|Any CPU.Build.0 = Debug|Any CPU
		{F7C0F09D-2AF7-4198-9FF4-D728CCAC8F5D}.Release|Any CPU.ActiveCfg = Release|Any CPU
		{F7C0F09D-2AF7-4198-9FF4-D728CCAC8F5D}.Release|Any CPU.Build.0 = Release|Any CPU
		{11F53BE6-A844-444A-BE54-E1005041B590}.Debug|Any CPU.ActiveCfg = Debug|Any CPU
		{11F53BE6-A844-444A-BE54-E1005041B590}.Debug|Any CPU.Build.0 = Debug|Any CPU
		{11F53BE6-A844-444A-BE54-E1005041B590}.Release|Any CPU.ActiveCfg = Release|Any CPU
		{11F53BE6-A844-444A-BE54-E1005041B590}.Release|Any CPU.Build.0 = Release|Any CPU
		{1C9A6AF8-ABFD-4D30-9D10-8768A4854C89}.Debug|Any CPU.ActiveCfg = Debug|Any CPU
		{1C9A6AF8-ABFD-4D30-9D10-8768A4854C89}.Debug|Any CPU.Build.0 = Debug|Any CPU
		{1C9A6AF8-ABFD-4D30-9D10-8768A4854C89}.Release|Any CPU.ActiveCfg = Release|Any CPU
		{1C9A6AF8-ABFD-4D30-9D10-8768A4854C89}.Release|Any CPU.Build.0 = Release|Any CPU
		{76094256-510D-459F-A313-6BFE7F53F337}.Debug|Any CPU.ActiveCfg = Debug|Any CPU
		{76094256-510D-459F-A313-6BFE7F53F337}.Debug|Any CPU.Build.0 = Debug|Any CPU
		{76094256-510D-459F-A313-6BFE7F53F337}.Release|Any CPU.ActiveCfg = Release|Any CPU
		{76094256-510D-459F-A313-6BFE7F53F337}.Release|Any CPU.Build.0 = Release|Any CPU
		{E0EB0C56-3017-4CE3-8147-625EC5FA0603}.Debug|Any CPU.ActiveCfg = Debug|Any CPU
		{E0EB0C56-3017-4CE3-8147-625EC5FA0603}.Debug|Any CPU.Build.0 = Debug|Any CPU
		{E0EB0C56-3017-4CE3-8147-625EC5FA0603}.Release|Any CPU.ActiveCfg = Release|Any CPU
		{E0EB0C56-3017-4CE3-8147-625EC5FA0603}.Release|Any CPU.Build.0 = Release|Any CPU
		{78C002F6-EE7E-49A7-9ED9-F6EF0936F5C8}.Debug|Any CPU.ActiveCfg = Debug|Any CPU
		{78C002F6-EE7E-49A7-9ED9-F6EF0936F5C8}.Debug|Any CPU.Build.0 = Debug|Any CPU
		{78C002F6-EE7E-49A7-9ED9-F6EF0936F5C8}.Release|Any CPU.ActiveCfg = Release|Any CPU
		{78C002F6-EE7E-49A7-9ED9-F6EF0936F5C8}.Release|Any CPU.Build.0 = Release|Any CPU
		{FD20ED5B-997E-4606-B082-F2EAD110C415}.Debug|Any CPU.ActiveCfg = Debug|Any CPU
		{FD20ED5B-997E-4606-B082-F2EAD110C415}.Debug|Any CPU.Build.0 = Debug|Any CPU
		{FD20ED5B-997E-4606-B082-F2EAD110C415}.Release|Any CPU.ActiveCfg = Release|Any CPU
		{FD20ED5B-997E-4606-B082-F2EAD110C415}.Release|Any CPU.Build.0 = Release|Any CPU
		{65709567-5F35-4598-922E-EFB46A2FA068}.Debug|Any CPU.ActiveCfg = Debug|Any CPU
		{65709567-5F35-4598-922E-EFB46A2FA068}.Debug|Any CPU.Build.0 = Debug|Any CPU
		{65709567-5F35-4598-922E-EFB46A2FA068}.Release|Any CPU.ActiveCfg = Release|Any CPU
		{65709567-5F35-4598-922E-EFB46A2FA068}.Release|Any CPU.Build.0 = Release|Any CPU
		{4775B5FE-F975-434A-AECE-9722FB9E091B}.Debug|Any CPU.ActiveCfg = Debug|Any CPU
		{4775B5FE-F975-434A-AECE-9722FB9E091B}.Debug|Any CPU.Build.0 = Debug|Any CPU
		{4775B5FE-F975-434A-AECE-9722FB9E091B}.Release|Any CPU.ActiveCfg = Release|Any CPU
		{4775B5FE-F975-434A-AECE-9722FB9E091B}.Release|Any CPU.Build.0 = Release|Any CPU
		{825BD91C-F1FF-4E6B-A7EA-DADCEE49A98D}.Debug|Any CPU.ActiveCfg = Debug|Any CPU
		{825BD91C-F1FF-4E6B-A7EA-DADCEE49A98D}.Debug|Any CPU.Build.0 = Debug|Any CPU
		{825BD91C-F1FF-4E6B-A7EA-DADCEE49A98D}.Release|Any CPU.ActiveCfg = Release|Any CPU
		{825BD91C-F1FF-4E6B-A7EA-DADCEE49A98D}.Release|Any CPU.Build.0 = Release|Any CPU
	EndGlobalSection
	GlobalSection(NestedProjects) = preSolution
		{C9B0FE92-6873-4E5F-AF70-61A0FA0C4C4D} = {11E44C11-0317-4D94-BFE6-327A4B153281}
		{EA2BA569-2A81-4F95-BCB0-8670F97BD800} = {BB910384-F038-4C5D-B351-2CD75F17E821}
		{7DC0EB08-3F27-4F9C-B40D-6973976FB739} = {BB910384-F038-4C5D-B351-2CD75F17E821}
		{AEF44CAE-F06A-401E-99D1-1DC36CCBC2C6} = {11E44C11-0317-4D94-BFE6-327A4B153281}
		{F96C223F-4160-4249-ACEA-5F520154879B} = {11E44C11-0317-4D94-BFE6-327A4B153281}
		{5DA15A2A-0738-4717-AFD1-B0545E2C3B06} = {11E44C11-0317-4D94-BFE6-327A4B153281}
		{354A7751-48BD-43CD-BC9B-606D3A133A0F} = {11E44C11-0317-4D94-BFE6-327A4B153281}
		{EF520D66-52ED-4C08-9999-A2EB9B731256} = {11E44C11-0317-4D94-BFE6-327A4B153281}
		{E9A71565-9857-43CB-AD68-6BCFD6487730} = {BB910384-F038-4C5D-B351-2CD75F17E821}
		{B434BF4C-20FE-49B6-AA78-7A4259A25ECA} = {F40573BE-2D3C-4ED4-BADD-791C23B1B9A5}
		{574F7518-5E36-4431-BE8D-B1FDC7C372CE} = {B434BF4C-20FE-49B6-AA78-7A4259A25ECA}
		{394FE0BC-1D87-4829-8129-17FBF51B4797} = {11E44C11-0317-4D94-BFE6-327A4B153281}
		{C5099474-698A-4C34-B044-29EA41DCDD6D} = {BB910384-F038-4C5D-B351-2CD75F17E821}
		{3F10366B-E181-4B5C-A00D-76242D2723CF} = {BB910384-F038-4C5D-B351-2CD75F17E821}
		{F7C0F09D-2AF7-4198-9FF4-D728CCAC8F5D} = {C9170F0F-B6AB-4CDE-8BB1-78CB87172292}
		{29544071-4384-41B4-8410-824A31B7FFF6} = {F40573BE-2D3C-4ED4-BADD-791C23B1B9A5}
		{11F53BE6-A844-444A-BE54-E1005041B590} = {29544071-4384-41B4-8410-824A31B7FFF6}
		{76094256-510D-459F-A313-6BFE7F53F337} = {11E44C11-0317-4D94-BFE6-327A4B153281}
		{E0EB0C56-3017-4CE3-8147-625EC5FA0603} = {C9170F0F-B6AB-4CDE-8BB1-78CB87172292}
		{E87A01FD-E158-41B5-A12A-2C45C15298E2} = {D2A020C6-E914-4AB6-983E-3CE516F4527B}
		{78C002F6-EE7E-49A7-9ED9-F6EF0936F5C8} = {C9170F0F-B6AB-4CDE-8BB1-78CB87172292}
		{AA39CA8C-466B-485C-9FB0-230D071F02A1} = {3463C8F6-D2A6-47CF-8C7B-390BA3C19ACA}
		{FD20ED5B-997E-4606-B082-F2EAD110C415} = {3463C8F6-D2A6-47CF-8C7B-390BA3C19ACA}
		{65709567-5F35-4598-922E-EFB46A2FA068} = {3463C8F6-D2A6-47CF-8C7B-390BA3C19ACA}
		{4775B5FE-F975-434A-AECE-9722FB9E091B} = {3463C8F6-D2A6-47CF-8C7B-390BA3C19ACA}
		{825BD91C-F1FF-4E6B-A7EA-DADCEE49A98D} = {3463C8F6-D2A6-47CF-8C7B-390BA3C19ACA}
	EndGlobalSection
EndGlobal
